// !$*UTF8*$!
{
	archiveVersion = 1;
	classes = {
	};
	objectVersion = 46;
	objects = {

/* Begin PBXBuildFile section */
		B4331A0A1BD944D0008347F8 /* main.m in Sources */ = {isa = PBXBuildFile; fileRef = B4331A091BD944D0008347F8 /* main.m */; };
		B4331A0D1BD944D0008347F8 /* AppDelegate.m in Sources */ = {isa = PBXBuildFile; fileRef = B4331A0C1BD944D0008347F8 /* AppDelegate.m */; };
		B4331A101BD944D0008347F8 /* ViewController.m in Sources */ = {isa = PBXBuildFile; fileRef = B4331A0F1BD944D0008347F8 /* ViewController.m */; };
		B4331A131BD944D0008347F8 /* Main.storyboard in Resources */ = {isa = PBXBuildFile; fileRef = B4331A111BD944D0008347F8 /* Main.storyboard */; };
		B4331A151BD944D0008347F8 /* Images.xcassets in Resources */ = {isa = PBXBuildFile; fileRef = B4331A141BD944D0008347F8 /* Images.xcassets */; };
		B4331A181BD944D0008347F8 /* LaunchScreen.xib in Resources */ = {isa = PBXBuildFile; fileRef = B4331A161BD944D0008347F8 /* LaunchScreen.xib */; };
		B4331A241BD944D0008347F8 /* testTests.m in Sources */ = {isa = PBXBuildFile; fileRef = B4331A231BD944D0008347F8 /* testTests.m */; };
/* End PBXBuildFile section */

/* Begin PBXContainerItemProxy section */
		B4331A1E1BD944D0008347F8 /* PBXContainerItemProxy */ = {
			isa = PBXContainerItemProxy;
			containerPortal = B43319FC1BD944D0008347F8 /* Project object */;
			proxyType = 1;
			remoteGlobalIDString = B4331A031BD944D0008347F8;
			remoteInfo = test;
		};
/* End PBXContainerItemProxy section */

/* Begin PBXFileReference section */
		B4331A041BD944D0008347F8 /* test.app */ = {isa = PBXFileReference; explicitFileType = wrapper.application; includeInIndex = 0; path = test.app; sourceTree = BUILT_PRODUCTS_DIR; };
		B4331A081BD944D0008347F8 /* Info.plist */ = {isa = PBXFileReference; lastKnownFileType = text.plist.xml; path = Info.plist; sourceTree = "<group>"; };
		B4331A091BD944D0008347F8 /* main.m */ = {isa = PBXFileReference; lastKnownFileType = sourcecode.c.objc; path = main.m; sourceTree = "<group>"; };
		B4331A0B1BD944D0008347F8 /* AppDelegate.h */ = {isa = PBXFileReference; lastKnownFileType = sourcecode.c.h; path = AppDelegate.h; sourceTree = "<group>"; };
		B4331A0C1BD944D0008347F8 /* AppDelegate.m */ = {isa = PBXFileReference; lastKnownFileType = sourcecode.c.objc; path = AppDelegate.m; sourceTree = "<group>"; };
		B4331A0E1BD944D0008347F8 /* ViewController.h */ = {isa = PBXFileReference; lastKnownFileType = sourcecode.c.h; path = ViewController.h; sourceTree = "<group>"; };
		B4331A0F1BD944D0008347F8 /* ViewController.m */ = {isa = PBXFileReference; lastKnownFileType = sourcecode.c.objc; path = ViewController.m; sourceTree = "<group>"; };
		B4331A121BD944D0008347F8 /* Base */ = {isa = PBXFileReference; lastKnownFileType = file.storyboard; name = Base; path = Base.lproj/Main.storyboard; sourceTree = "<group>"; };
		B4331A141BD944D0008347F8 /* Images.xcassets */ = {isa = PBXFileReference; lastKnownFileType = folder.assetcatalog; path = Images.xcassets; sourceTree = "<group>"; };
		B4331A171BD944D0008347F8 /* Base */ = {isa = PBXFileReference; lastKnownFileType = file.xib; name = Base; path = Base.lproj/LaunchScreen.xib; sourceTree = "<group>"; };
		B4331A1D1BD944D0008347F8 /* testTests.xctest */ = {isa = PBXFileReference; explicitFileType = wrapper.cfbundle; includeInIndex = 0; path = testTests.xctest; sourceTree = BUILT_PRODUCTS_DIR; };
		B4331A221BD944D0008347F8 /* Info.plist */ = {isa = PBXFileReference; lastKnownFileType = text.plist.xml; path = Info.plist; sourceTree = "<group>"; };
		B4331A231BD944D0008347F8 /* testTests.m */ = {isa = PBXFileReference; lastKnownFileType = sourcecode.c.objc; path = testTests.m; sourceTree = "<group>"; };
/* End PBXFileReference section */

/* Begin PBXFrameworksBuildPhase section */
		B4331A011BD944D0008347F8 /* Frameworks */ = {
			isa = PBXFrameworksBuildPhase;
			buildActionMask = 2147483647;
			files = (
			);
			runOnlyForDeploymentPostprocessing = 0;
		};
		B4331A1A1BD944D0008347F8 /* Frameworks */ = {
			isa = PBXFrameworksBuildPhase;
			buildActionMask = 2147483647;
			files = (
			);
			runOnlyForDeploymentPostprocessing = 0;
		};
/* End PBXFrameworksBuildPhase section */

/* Begin PBXGroup section */
		B43319FB1BD944D0008347F8 = {
			isa = PBXGroup;
			children = (
				B4331A061BD944D0008347F8 /* test */,
				B4331A201BD944D0008347F8 /* testTests */,
				B4331A051BD944D0008347F8 /* Products */,
			);
			sourceTree = "<group>";
		};
		B4331A051BD944D0008347F8 /* Products */ = {
			isa = PBXGroup;
			children = (
				B4331A041BD944D0008347F8 /* test.app */,
				B4331A1D1BD944D0008347F8 /* testTests.xctest */,
			);
			name = Products;
			sourceTree = "<group>";
		};
		B4331A061BD944D0008347F8 /* test */ = {
			isa = PBXGroup;
			children = (
				B4331A0B1BD944D0008347F8 /* AppDelegate.h */,
				B4331A0C1BD944D0008347F8 /* AppDelegate.m */,
				B4331A0E1BD944D0008347F8 /* ViewController.h */,
				B4331A0F1BD944D0008347F8 /* ViewController.m */,
				B4331A111BD944D0008347F8 /* Main.storyboard */,
				B4331A141BD944D0008347F8 /* Images.xcassets */,
				B4331A161BD944D0008347F8 /* LaunchScreen.xib */,
				B4331A071BD944D0008347F8 /* Supporting Files */,
			);
			path = test;
			sourceTree = "<group>";
		};
		B4331A071BD944D0008347F8 /* Supporting Files */ = {
			isa = PBXGroup;
			children = (
				B4331A081BD944D0008347F8 /* Info.plist */,
				B4331A091BD944D0008347F8 /* main.m */,
			);
			name = "Supporting Files";
			sourceTree = "<group>";
		};
		B4331A201BD944D0008347F8 /* testTests */ = {
			isa = PBXGroup;
			children = (
				B4331A231BD944D0008347F8 /* testTests.m */,
				B4331A211BD944D0008347F8 /* Supporting Files */,
			);
			path = testTests;
			sourceTree = "<group>";
		};
		B4331A211BD944D0008347F8 /* Supporting Files */ = {
			isa = PBXGroup;
			children = (
				B4331A221BD944D0008347F8 /* Info.plist */,
			);
			name = "Supporting Files";
			sourceTree = "<group>";
		};
/* End PBXGroup section */

/* Begin PBXNativeTarget section */
		B4331A031BD944D0008347F8 /* test */ = {
			isa = PBXNativeTarget;
			buildConfigurationList = B4331A271BD944D0008347F8 /* Build configuration list for PBXNativeTarget "test" */;
			buildPhases = (
				B4331A001BD944D0008347F8 /* Sources */,
				B4331A011BD944D0008347F8 /* Frameworks */,
				B4331A021BD944D0008347F8 /* Resources */,
			);
			buildRules = (
			);
			dependencies = (
			);
			name = test;
			productName = test;
			productReference = B4331A041BD944D0008347F8 /* test.app */;
			productType = "com.apple.product-type.application";
		};
		B4331A1C1BD944D0008347F8 /* testTests */ = {
			isa = PBXNativeTarget;
			buildConfigurationList = B4331A2A1BD944D0008347F8 /* Build configuration list for PBXNativeTarget "testTests" */;
			buildPhases = (
				B4331A191BD944D0008347F8 /* Sources */,
				B4331A1A1BD944D0008347F8 /* Frameworks */,
				B4331A1B1BD944D0008347F8 /* Resources */,
			);
			buildRules = (
			);
			dependencies = (
				B4331A1F1BD944D0008347F8 /* PBXTargetDependency */,
			);
			name = testTests;
			productName = testTests;
			productReference = B4331A1D1BD944D0008347F8 /* testTests.xctest */;
			productType = "com.apple.product-type.bundle.unit-test";
		};
/* End PBXNativeTarget section */

/* Begin PBXProject section */
		B43319FC1BD944D0008347F8 /* Project object */ = {
			isa = PBXProject;
			attributes = {
				LastUpgradeCheck = 0630;
				ORGANIZATIONNAME = "赵英奎";
				TargetAttributes = {
					B4331A031BD944D0008347F8 = {
						CreatedOnToolsVersion = 6.3;
					};
					B4331A1C1BD944D0008347F8 = {
						CreatedOnToolsVersion = 6.3;
						TestTargetID = B4331A031BD944D0008347F8;
					};
				};
			};
			buildConfigurationList = B43319FF1BD944D0008347F8 /* Build configuration list for PBXProject "test" */;
			compatibilityVersion = "Xcode 3.2";
			developmentRegion = English;
			hasScannedForEncodings = 0;
			knownRegions = (
				en,
				Base,
			);
			mainGroup = B43319FB1BD944D0008347F8;
			productRefGroup = B4331A051BD944D0008347F8 /* Products */;
			projectDirPath = "";
			projectRoot = "";
			targets = (
				B4331A031BD944D0008347F8 /* test */,
				B4331A1C1BD944D0008347F8 /* testTests */,
			);
		};
/* End PBXProject section */

/* Begin PBXResourcesBuildPhase section */
		B4331A021BD944D0008347F8 /* Resources */ = {
			isa = PBXResourcesBuildPhase;
			buildActionMask = 2147483647;
			files = (
				B4331A131BD944D0008347F8 /* Main.storyboard in Resources */,
				B4331A181BD944D0008347F8 /* LaunchScreen.xib in Resources */,
				B4331A151BD944D0008347F8 /* Images.xcassets in Resources */,
			);
			runOnlyForDeploymentPostprocessing = 0;
		};
		B4331A1B1BD944D0008347F8 /* Resources */ = {
			isa = PBXResourcesBuildPhase;
			buildActionMask = 2147483647;
			files = (
			);
			runOnlyForDeploymentPostprocessing = 0;
		};
/* End PBXResourcesBuildPhase section */

/* Begin PBXSourcesBuildPhase section */
		B4331A001BD944D0008347F8 /* Sources */ = {
			isa = PBXSourcesBuildPhase;
			buildActionMask = 2147483647;
			files = (
				B4331A101BD944D0008347F8 /* ViewController.m in Sources */,
				B4331A0D1BD944D0008347F8 /* AppDelegate.m in Sources */,
				B4331A0A1BD944D0008347F8 /* main.m in Sources */,
			);
			runOnlyForDeploymentPostprocessing = 0;
		};
		B4331A191BD944D0008347F8 /* Sources */ = {
			isa = PBXSourcesBuildPhase;
			buildActionMask = 2147483647;
			files = (
				B4331A241BD944D0008347F8 /* testTests.m in Sources */,
			);
			runOnlyForDeploymentPostprocessing = 0;
		};
/* End PBXSourcesBuildPhase section */

/* Begin PBXTargetDependency section */
		B4331A1F1BD944D0008347F8 /* PBXTargetDependency */ = {
			isa = PBXTargetDependency;
			target = B4331A031BD944D0008347F8 /* test */;
			targetProxy = B4331A1E1BD944D0008347F8 /* PBXContainerItemProxy */;
		};
/* End PBXTargetDependency section */

/* Begin PBXVariantGroup section */
		B4331A111BD944D0008347F8 /* Main.storyboard */ = {
			isa = PBXVariantGroup;
			children = (
				B4331A121BD944D0008347F8 /* Base */,
			);
			name = Main.storyboard;
			sourceTree = "<group>";
		};
		B4331A161BD944D0008347F8 /* LaunchScreen.xib */ = {
			isa = PBXVariantGroup;
			children = (
				B4331A171BD944D0008347F8 /* Base */,
			);
			name = LaunchScreen.xib;
			sourceTree = "<group>";
		};
/* End PBXVariantGroup section */

/* Begin XCBuildConfiguration section */
		B4331A251BD944D0008347F8 /* Debug */ = {
			isa = XCBuildConfiguration;
			buildSettings = {
				ALWAYS_SEARCH_USER_PATHS = NO;
				CLANG_CXX_LANGUAGE_STANDARD = "gnu++0x";
				CLANG_CXX_LIBRARY = "libc++";
				CLANG_ENABLE_MODULES = YES;
				CLANG_ENABLE_OBJC_ARC = YES;
				CLANG_WARN_BOOL_CONVERSION = YES;
				CLANG_WARN_CONSTANT_CONVERSION = YES;
				CLANG_WARN_DIRECT_OBJC_ISA_USAGE = YES_ERROR;
				CLANG_WARN_EMPTY_BODY = YES;
				CLANG_WARN_ENUM_CONVERSION = YES;
				CLANG_WARN_INT_CONVERSION = YES;
				CLANG_WARN_OBJC_ROOT_CLASS = YES_ERROR;
				CLANG_WARN_UNREACHABLE_CODE = YES;
				CLANG_WARN__DUPLICATE_METHOD_MATCH = YES;
				"CODE_SIGN_IDENTITY[sdk=iphoneos*]" = "iPhone Developer";
				COPY_PHASE_STRIP = NO;
				DEBUG_INFORMATION_FORMAT = "dwarf-with-dsym";
				ENABLE_STRICT_OBJC_MSGSEND = YES;
				GCC_C_LANGUAGE_STANDARD = gnu99;
				GCC_DYNAMIC_NO_PIC = NO;
				GCC_NO_COMMON_BLOCKS = YES;
				GCC_OPTIMIZATION_LEVEL = 0;
				GCC_PREPROCESSOR_DEFINITIONS = (
					"DEBUG=1",
					"$(inherited)",
				);
				GCC_SYMBOLS_PRIVATE_EXTERN = NO;
				GCC_WARN_64_TO_32_BIT_CONVERSION = YES;
				GCC_WARN_ABOUT_RETURN_TYPE = YES_ERROR;
				GCC_WARN_UNDECLARED_SELECTOR = YES;
				GCC_WARN_UNINITIALIZED_AUTOS = YES_AGGRESSIVE;
				GCC_WARN_UNUSED_FUNCTION = YES;
				GCC_WARN_UNUSED_VARIABLE = YES;
				IPHONEOS_DEPLOYMENT_TARGET = 8.3;
				MTL_ENABLE_DEBUG_INFO = YES;
				ONLY_ACTIVE_ARCH = YES;
				SDKROOT = iphoneos;
			};
			name = Debug;
		};
		B4331A261BD944D0008347F8 /* Release */ = {
			isa = XCBuildConfiguration;
			buildSettings = {
				ALWAYS_SEARCH_USER_PATHS = NO;
				CLANG_CXX_LANGUAGE_STANDARD = "gnu++0x";
				CLANG_CXX_LIBRARY = "libc++";
				CLANG_ENABLE_MODULES = YES;
				CLANG_ENABLE_OBJC_ARC = YES;
				CLANG_WARN_BOOL_CONVERSION = YES;
				CLANG_WARN_CONSTANT_CONVERSION = YES;
				CLANG_WARN_DIRECT_OBJC_ISA_USAGE = YES_ERROR;
				CLANG_WARN_EMPTY_BODY = YES;
				CLANG_WARN_ENUM_CONVERSION = YES;
				CLANG_WARN_INT_CONVERSION = YES;
				CLANG_WARN_OBJC_ROOT_CLASS = YES_ERROR;
				CLANG_WARN_UNREACHABLE_CODE = YES;
				CLANG_WARN__DUPLICATE_METHOD_MATCH = YES;
				"CODE_SIGN_IDENTITY[sdk=iphoneos*]" = "iPhone Developer";
				COPY_PHASE_STRIP = NO;
				DEBUG_INFORMATION_FORMAT = "dwarf-with-dsym";
				ENABLE_NS_ASSERTIONS = NO;
				ENABLE_STRICT_OBJC_MSGSEND = YES;
				GCC_C_LANGUAGE_STANDARD = gnu99;
				GCC_NO_COMMON_BLOCKS = YES;
				GCC_WARN_64_TO_32_BIT_CONVERSION = YES;
				GCC_WARN_ABOUT_RETURN_TYPE = YES_ERROR;
				GCC_WARN_UNDECLARED_SELECTOR = YES;
				GCC_WARN_UNINITIALIZED_AUTOS = YES_AGGRESSIVE;
				GCC_WARN_UNUSED_FUNCTION = YES;
				GCC_WARN_UNUSED_VARIABLE = YES;
				IPHONEOS_DEPLOYMENT_TARGET = 8.3;
				MTL_ENABLE_DEBUG_INFO = NO;
				SDKROOT = iphoneos;
				VALIDATE_PRODUCT = YES;
			};
			name = Release;
		};
		B4331A281BD944D0008347F8 /* Debug */ = {
			isa = XCBuildConfiguration;
			buildSettings = {
				ASSETCATALOG_COMPILER_APPICON_NAME = AppIcon;
				INFOPLIST_FILE = test/Info.plist;
				LD_RUNPATH_SEARCH_PATHS = "$(inherited) @executable_path/Frameworks";
				PRODUCT_NAME = "$(TARGET_NAME)";
			};
			name = Debug;
		};
		B4331A291BD944D0008347F8 /* Release */ = {
			isa = XCBuildConfiguration;
			buildSettings = {
				ASSETCATALOG_COMPILER_APPICON_NAME = AppIcon;
				INFOPLIST_FILE = test/Info.plist;
				LD_RUNPATH_SEARCH_PATHS = "$(inherited) @executable_path/Frameworks";
				PRODUCT_NAME = "$(TARGET_NAME)";
			};
			name = Release;
		};
		B4331A2B1BD944D0008347F8 /* Debug */ = {
			isa = XCBuildConfiguration;
			buildSettings = {
				BUNDLE_LOADER = "$(TEST_HOST)";
				FRAMEWORK_SEARCH_PATHS = (
					"$(SDKROOT)/Developer/Library/Frameworks",
					"$(inherited)",
				);
				GCC_PREPROCESSOR_DEFINITIONS = (
					"DEBUG=1",
					"$(inherited)",
				);
				INFOPLIST_FILE = testTests/Info.plist;
				LD_RUNPATH_SEARCH_PATHS = "$(inherited) @executable_path/Frameworks @loader_path/Frameworks";
				PRODUCT_NAME = "$(TARGET_NAME)";
				TEST_HOST = "$(BUILT_PRODUCTS_DIR)/test.app/test";
			};
			name = Debug;
		};
		B4331A2C1BD944D0008347F8 /* Release */ = {
			isa = XCBuildConfiguration;
			buildSettings = {
				BUNDLE_LOADER = "$(TEST_HOST)";
				FRAMEWORK_SEARCH_PATHS = (
					"$(SDKROOT)/Developer/Library/Frameworks",
					"$(inherited)",
				);
				INFOPLIST_FILE = testTests/Info.plist;
				LD_RUNPATH_SEARCH_PATHS = "$(inherited) @executable_path/Frameworks @loader_path/Frameworks";
				PRODUCT_NAME = "$(TARGET_NAME)";
				TEST_HOST = "$(BUILT_PRODUCTS_DIR)/test.app/test";
			};
			name = Release;
		};
/* End XCBuildConfiguration section */

/* Begin XCConfigurationList section */
		B43319FF1BD944D0008347F8 /* Build configuration list for PBXProject "test" */ = {
			isa = XCConfigurationList;
			buildConfigurations = (
				B4331A251BD944D0008347F8 /* Debug */,
				B4331A261BD944D0008347F8 /* Release */,
			);
			defaultConfigurationIsVisible = 0;
			defaultConfigurationName = Release;
		};
		B4331A271BD944D0008347F8 /* Build configuration list for PBXNativeTarget "test" */ = {
			isa = XCConfigurationList;
			buildConfigurations = (
				B4331A281BD944D0008347F8 /* Debug */,
				B4331A291BD944D0008347F8 /* Release */,
			);
			defaultConfigurationIsVisible = 0;
		};
		B4331A2A1BD944D0008347F8 /* Build configuration list for PBXNativeTarget "testTests" */ = {
			isa = XCConfigurationList;
			buildConfigurations = (
				B4331A2B1BD944D0008347F8 /* Debug */,
				B4331A2C1BD944D0008347F8 /* Release */,
			);
			defaultConfigurationIsVisible = 0;
		};
/* End XCConfigurationList section */
	};
	rootObject = B43319FC1BD944D0008347F8 /* Project object */;
}
